// !$*UTF8*$!
{
	archiveVersion = 1;
	classes = {
	};
	objectVersion = 46;
	objects = {

/* Begin PBXBuildFile section */
		4182299819841210009AC063 /* icon_07.png in Resources */ = {isa = PBXBuildFile; fileRef = 4182299719841210009AC063 /* icon_07.png */; };
		419EB3621982922A001C9601 /* Gameplay.m in Sources */ = {isa = PBXBuildFile; fileRef = 419EB3611982922A001C9601 /* Gameplay.m */; };
		41EB07581982A94200EB0FF7 /* Accounts.framework in Frameworks */ = {isa = PBXBuildFile; fileRef = 41EB07571982A94200EB0FF7 /* Accounts.framework */; settings = {ATTRIBUTES = (Weak, ); }; };
		41EB075B1982A94D00EB0FF7 /* AdSupport.framework in Frameworks */ = {isa = PBXBuildFile; fileRef = 41EB075A1982A94D00EB0FF7 /* AdSupport.framework */; settings = {ATTRIBUTES = (Weak, ); }; };
		41EB075D1982A95700EB0FF7 /* CFNetwork.framework in Frameworks */ = {isa = PBXBuildFile; fileRef = 41EB075C1982A95700EB0FF7 /* CFNetwork.framework */; };
		41EB075F1982A95F00EB0FF7 /* CoreTelephony.framework in Frameworks */ = {isa = PBXBuildFile; fileRef = 41EB075E1982A95F00EB0FF7 /* CoreTelephony.framework */; };
		41EB07611982A97000EB0FF7 /* libicucore.dylib in Frameworks */ = {isa = PBXBuildFile; fileRef = 41EB07601982A97000EB0FF7 /* libicucore.dylib */; };
		41EB07631982A97900EB0FF7 /* MessageUI.framework in Frameworks */ = {isa = PBXBuildFile; fileRef = 41EB07621982A97900EB0FF7 /* MessageUI.framework */; };
		41EB07651982A98100EB0FF7 /* Security.framework in Frameworks */ = {isa = PBXBuildFile; fileRef = 41EB07641982A98100EB0FF7 /* Security.framework */; };
		41EB07671982A98500EB0FF7 /* Social.framework in Frameworks */ = {isa = PBXBuildFile; fileRef = 41EB07661982A98500EB0FF7 /* Social.framework */; settings = {ATTRIBUTES = (Weak, ); }; };
		41EB07691982A98D00EB0FF7 /* StoreKit.framework in Frameworks */ = {isa = PBXBuildFile; fileRef = 41EB07681982A98D00EB0FF7 /* StoreKit.framework */; };
		41EB076B1982A99700EB0FF7 /* SystemConfiguration.framework in Frameworks */ = {isa = PBXBuildFile; fileRef = 41EB076A1982A99700EB0FF7 /* SystemConfiguration.framework */; };
		41EB076D1982A99F00EB0FF7 /* Twitter.framework in Frameworks */ = {isa = PBXBuildFile; fileRef = 41EB076C1982A99F00EB0FF7 /* Twitter.framework */; settings = {ATTRIBUTES = (Weak, ); }; };
		41EB07B71982AB2B00EB0FF7 /* mgwuSDK.framework in Frameworks */ = {isa = PBXBuildFile; fileRef = 41EB076F1982AB2B00EB0FF7 /* mgwuSDK.framework */; };
		41EB07B81982AB2B00EB0FF7 /* aqua.png in Resources */ = {isa = PBXBuildFile; fileRef = 41EB07711982AB2B00EB0FF7 /* aqua.png */; };
		41EB07B91982AB2B00EB0FF7 /* bluechatbubble.png in Resources */ = {isa = PBXBuildFile; fileRef = 41EB07721982AB2B00EB0FF7 /* bluechatbubble.png */; };
		41EB07BA1982AB2B00EB0FF7 /* CrossPromoViewController.nib in Resources */ = {isa = PBXBuildFile; fileRef = 41EB07731982AB2B00EB0FF7 /* CrossPromoViewController.nib */; };
		41EB07BB1982AB2B00EB0FF7 /* FacebookIcon.png in Resources */ = {isa = PBXBuildFile; fileRef = 41EB07741982AB2B00EB0FF7 /* FacebookIcon.png */; };
		41EB07BC1982AB2B00EB0FF7 /* FacebookSDKResources.bundle in Resources */ = {isa = PBXBuildFile; fileRef = 41EB07751982AB2B00EB0FF7 /* FacebookSDKResources.bundle */; };
		41EB07BD1982AB2B00EB0FF7 /* fb_connect.png in Resources */ = {isa = PBXBuildFile; fileRef = 41EB07761982AB2B00EB0FF7 /* fb_connect.png */; };
		41EB07BE1982AB2B00EB0FF7 /* FBLoginButton.png in Resources */ = {isa = PBXBuildFile; fileRef = 41EB07771982AB2B00EB0FF7 /* FBLoginButton.png */; };
		41EB07BF1982AB2B00EB0FF7 /* FBLoginButton@2x.png in Resources */ = {isa = PBXBuildFile; fileRef = 41EB07781982AB2B00EB0FF7 /* FBLoginButton@2x.png */; };
		41EB07C01982AB2B00EB0FF7 /* FBLoginButtonPressed.png in Resources */ = {isa = PBXBuildFile; fileRef = 41EB07791982AB2B00EB0FF7 /* FBLoginButtonPressed.png */; };
		41EB07C11982AB2B00EB0FF7 /* FBLoginButtonPressed@2x.png in Resources */ = {isa = PBXBuildFile; fileRef = 41EB077A1982AB2B00EB0FF7 /* FBLoginButtonPressed@2x.png */; };
		41EB07C21982AB2B00EB0FF7 /* FBNoThanksButton.png in Resources */ = {isa = PBXBuildFile; fileRef = 41EB077B1982AB2B00EB0FF7 /* FBNoThanksButton.png */; };
		41EB07C31982AB2B00EB0FF7 /* FBNoThanksButton@2x.png in Resources */ = {isa = PBXBuildFile; fileRef = 41EB077C1982AB2B00EB0FF7 /* FBNoThanksButton@2x.png */; };
		41EB07C41982AB2B00EB0FF7 /* FBNoThanksButtonPressed.png in Resources */ = {isa = PBXBuildFile; fileRef = 41EB077D1982AB2B00EB0FF7 /* FBNoThanksButtonPressed.png */; };
		41EB07C51982AB2B00EB0FF7 /* FBNoThanksButtonPressed@2x.png in Resources */ = {isa = PBXBuildFile; fileRef = 41EB077E1982AB2B00EB0FF7 /* FBNoThanksButtonPressed@2x.png */; };
		41EB07C61982AB2B00EB0FF7 /* green.png in Resources */ = {isa = PBXBuildFile; fileRef = 41EB077F1982AB2B00EB0FF7 /* green.png */; };
		41EB07C71982AB2B00EB0FF7 /* grey-background.png in Resources */ = {isa = PBXBuildFile; fileRef = 41EB07801982AB2B00EB0FF7 /* grey-background.png */; };
		41EB07C81982AB2B00EB0FF7 /* hipmob.back.btn.png in Resources */ = {isa = PBXBuildFile; fileRef = 41EB07811982AB2B00EB0FF7 /* hipmob.back.btn.png */; };
		41EB07C91982AB2B00EB0FF7 /* hipmob.send.png in Resources */ = {isa = PBXBuildFile; fileRef = 41EB07821982AB2B00EB0FF7 /* hipmob.send.png */; };
		41EB07CA1982AB2B00EB0FF7 /* hipmobsend_field.png in Resources */ = {isa = PBXBuildFile; fileRef = 41EB07831982AB2B00EB0FF7 /* hipmobsend_field.png */; };
		41EB07CB1982AB2B00EB0FF7 /* hipmobsend_field@2x.png in Resources */ = {isa = PBXBuildFile; fileRef = 41EB07841982AB2B00EB0FF7 /* hipmobsend_field@2x.png */; };
		41EB07CC1982AB2B00EB0FF7 /* mgwu-gk-notification.png in Resources */ = {isa = PBXBuildFile; fileRef = 41EB07851982AB2B00EB0FF7 /* mgwu-gk-notification.png */; };
		41EB07CD1982AB2B00EB0FF7 /* mgwu-gk-notification@2x.png in Resources */ = {isa = PBXBuildFile; fileRef = 41EB07861982AB2B00EB0FF7 /* mgwu-gk-notification@2x.png */; };
		41EB07CE1982AB2B00EB0FF7 /* mgwu-m.png in Resources */ = {isa = PBXBuildFile; fileRef = 41EB07871982AB2B00EB0FF7 /* mgwu-m.png */; };
		41EB07CF1982AB2B00EB0FF7 /* mgwu-m@2x.png in Resources */ = {isa = PBXBuildFile; fileRef = 41EB07881982AB2B00EB0FF7 /* mgwu-m@2x.png */; };
		41EB07D01982AB2B00EB0FF7 /* MGWUAboutFooter-Landscape-568h@2x~iphone.png in Resources */ = {isa = PBXBuildFile; fileRef = 41EB07891982AB2B00EB0FF7 /* MGWUAboutFooter-Landscape-568h@2x~iphone.png */; };
		41EB07D11982AB2B00EB0FF7 /* MGWUAboutFooter-Landscape@2x~ipad.png in Resources */ = {isa = PBXBuildFile; fileRef = 41EB078A1982AB2B00EB0FF7 /* MGWUAboutFooter-Landscape@2x~ipad.png */; };
		41EB07D21982AB2B00EB0FF7 /* MGWUAboutFooter-Landscape@2x~iphone.png in Resources */ = {isa = PBXBuildFile; fileRef = 41EB078B1982AB2B00EB0FF7 /* MGWUAboutFooter-Landscape@2x~iphone.png */; };
		41EB07D31982AB2B00EB0FF7 /* MGWUAboutFooter-Landscape~ipad.png in Resources */ = {isa = PBXBuildFile; fileRef = 41EB078C1982AB2B00EB0FF7 /* MGWUAboutFooter-Landscape~ipad.png */; };
		41EB07D41982AB2B00EB0FF7 /* MGWUAboutFooter-Landscape~iphone.png in Resources */ = {isa = PBXBuildFile; fileRef = 41EB078D1982AB2B00EB0FF7 /* MGWUAboutFooter-Landscape~iphone.png */; };
		41EB07D51982AB2B00EB0FF7 /* MGWUAboutFooter-Portrait@2x~ipad.png in Resources */ = {isa = PBXBuildFile; fileRef = 41EB078E1982AB2B00EB0FF7 /* MGWUAboutFooter-Portrait@2x~ipad.png */; };
		41EB07D61982AB2B00EB0FF7 /* MGWUAboutFooter-Portrait@2x~iphone.png in Resources */ = {isa = PBXBuildFile; fileRef = 41EB078F1982AB2B00EB0FF7 /* MGWUAboutFooter-Portrait@2x~iphone.png */; };
		41EB07D71982AB2B00EB0FF7 /* MGWUAboutFooter-Portrait~ipad.png in Resources */ = {isa = PBXBuildFile; fileRef = 41EB07901982AB2B00EB0FF7 /* MGWUAboutFooter-Portrait~ipad.png */; };
		41EB07D81982AB2B00EB0FF7 /* MGWUAboutFooter-Portrait~iphone.png in Resources */ = {isa = PBXBuildFile; fileRef = 41EB07911982AB2B00EB0FF7 /* MGWUAboutFooter-Portrait~iphone.png */; };
		41EB07D91982AB2B00EB0FF7 /* MGWUBackground-Landscape@2x~ipad.png in Resources */ = {isa = PBXBuildFile; fileRef = 41EB07921982AB2B00EB0FF7 /* MGWUBackground-Landscape@2x~ipad.png */; };
		41EB07DA1982AB2B00EB0FF7 /* MGWUBackground-Landscape@2x~iphone.png in Resources */ = {isa = PBXBuildFile; fileRef = 41EB07931982AB2B00EB0FF7 /* MGWUBackground-Landscape@2x~iphone.png */; };
		41EB07DB1982AB2B00EB0FF7 /* MGWUBackground-Landscape~ipad.png in Resources */ = {isa = PBXBuildFile; fileRef = 41EB07941982AB2B00EB0FF7 /* MGWUBackground-Landscape~ipad.png */; };
		41EB07DC1982AB2B00EB0FF7 /* MGWUBackground-Landscape~iphone.png in Resources */ = {isa = PBXBuildFile; fileRef = 41EB07951982AB2B00EB0FF7 /* MGWUBackground-Landscape~iphone.png */; };
		41EB07DD1982AB2B00EB0FF7 /* MGWUBackground-Portrait@2x~ipad.png in Resources */ = {isa = PBXBuildFile; fileRef = 41EB07961982AB2B00EB0FF7 /* MGWUBackground-Portrait@2x~ipad.png */; };
		41EB07DE1982AB2B00EB0FF7 /* MGWUBackground-Portrait@2x~iphone.png in Resources */ = {isa = PBXBuildFile; fileRef = 41EB07971982AB2B00EB0FF7 /* MGWUBackground-Portrait@2x~iphone.png */; };
		41EB07DF1982AB2B00EB0FF7 /* MGWUBackground-Portrait~ipad.png in Resources */ = {isa = PBXBuildFile; fileRef = 41EB07981982AB2B00EB0FF7 /* MGWUBackground-Portrait~ipad.png */; };
		41EB07E01982AB2B00EB0FF7 /* MGWUBackground-Portrait~iphone.png in Resources */ = {isa = PBXBuildFile; fileRef = 41EB07991982AB2B00EB0FF7 /* MGWUBackground-Portrait~iphone.png */; };
		41EB07E11982AB2B00EB0FF7 /* MGWUBackgroundDark-Landscape@2x~ipad.png in Resources */ = {isa = PBXBuildFile; fileRef = 41EB079A1982AB2B00EB0FF7 /* MGWUBackgroundDark-Landscape@2x~ipad.png */; };
		41EB07E21982AB2B00EB0FF7 /* MGWUBackgroundDark-Landscape@2x~iphone.png in Resources */ = {isa = PBXBuildFile; fileRef = 41EB079B1982AB2B00EB0FF7 /* MGWUBackgroundDark-Landscape@2x~iphone.png */; };
		41EB07E31982AB2B00EB0FF7 /* MGWUBackgroundDark-Landscape~ipad.png in Resources */ = {isa = PBXBuildFile; fileRef = 41EB079C1982AB2B00EB0FF7 /* MGWUBackgroundDark-Landscape~ipad.png */; };
		41EB07E41982AB2B00EB0FF7 /* MGWUBackgroundDark-Landscape~iphone.png in Resources */ = {isa = PBXBuildFile; fileRef = 41EB079D1982AB2B00EB0FF7 /* MGWUBackgroundDark-Landscape~iphone.png */; };
		41EB07E51982AB2B00EB0FF7 /* MGWUBackgroundDark-Portrait@2x~ipad.png in Resources */ = {isa = PBXBuildFile; fileRef = 41EB079E1982AB2B00EB0FF7 /* MGWUBackgroundDark-Portrait@2x~ipad.png */; };
		41EB07E61982AB2B00EB0FF7 /* MGWUBackgroundDark-Portrait@2x~iphone.png in Resources */ = {isa = PBXBuildFile; fileRef = 41EB079F1982AB2B00EB0FF7 /* MGWUBackgroundDark-Portrait@2x~iphone.png */; };
		41EB07E71982AB2B00EB0FF7 /* MGWUBackgroundDark-Portrait~ipad.png in Resources */ = {isa = PBXBuildFile; fileRef = 41EB07A01982AB2B00EB0FF7 /* MGWUBackgroundDark-Portrait~ipad.png */; };
		41EB07E81982AB2B00EB0FF7 /* MGWUBackgroundDark-Portrait~iphone.png in Resources */ = {isa = PBXBuildFile; fileRef = 41EB07A11982AB2B00EB0FF7 /* MGWUBackgroundDark-Portrait~iphone.png */; };
		41EB07E91982AB2B00EB0FF7 /* MGWUClose.png in Resources */ = {isa = PBXBuildFile; fileRef = 41EB07A21982AB2B00EB0FF7 /* MGWUClose.png */; };
		41EB07EA1982AB2B00EB0FF7 /* MGWUClose@2x.png in Resources */ = {isa = PBXBuildFile; fileRef = 41EB07A31982AB2B00EB0FF7 /* MGWUClose@2x.png */; };
		41EB07EB1982AB2B00EB0FF7 /* MGWUFacebookLoginLandscape.nib in Resources */ = {isa = PBXBuildFile; fileRef = 41EB07A41982AB2B00EB0FF7 /* MGWUFacebookLoginLandscape.nib */; };
		41EB07EC1982AB2B00EB0FF7 /* MGWUFacebookLoginLandscapeDark.nib in Resources */ = {isa = PBXBuildFile; fileRef = 41EB07A51982AB2B00EB0FF7 /* MGWUFacebookLoginLandscapeDark.nib */; };
		41EB07ED1982AB2B00EB0FF7 /* MGWUFacebookLoginPortrait.nib in Resources */ = {isa = PBXBuildFile; fileRef = 41EB07A61982AB2B00EB0FF7 /* MGWUFacebookLoginPortrait.nib */; };
		41EB07EE1982AB2B00EB0FF7 /* MGWUFacebookLoginPortraitDark.nib in Resources */ = {isa = PBXBuildFile; fileRef = 41EB07A71982AB2B00EB0FF7 /* MGWUFacebookLoginPortraitDark.nib */; };
		41EB07EF1982AB2B00EB0FF7 /* mgwuLogo.png in Resources */ = {isa = PBXBuildFile; fileRef = 41EB07A81982AB2B00EB0FF7 /* mgwuLogo.png */; };
		41EB07F01982AB2B00EB0FF7 /* mgwuLogo@2x.png in Resources */ = {isa = PBXBuildFile; fileRef = 41EB07A91982AB2B00EB0FF7 /* mgwuLogo@2x.png */; };
		41EB07F11982AB2B00EB0FF7 /* mgwuLogoDark.png in Resources */ = {isa = PBXBuildFile; fileRef = 41EB07AA1982AB2B00EB0FF7 /* mgwuLogoDark.png */; };
		41EB07F21982AB2B00EB0FF7 /* mgwuLogoDark@2x.png in Resources */ = {isa = PBXBuildFile; fileRef = 41EB07AB1982AB2B00EB0FF7 /* mgwuLogoDark@2x.png */; };
		41EB07F31982AB2B00EB0FF7 /* mgwuPlaceholderIcon.png in Resources */ = {isa = PBXBuildFile; fileRef = 41EB07AC1982AB2B00EB0FF7 /* mgwuPlaceholderIcon.png */; };
		41EB07F41982AB2B00EB0FF7 /* mgwuPlaceholderIcon@2x.png in Resources */ = {isa = PBXBuildFile; fileRef = 41EB07AD1982AB2B00EB0FF7 /* mgwuPlaceholderIcon@2x.png */; };
		41EB07F51982AB2B00EB0FF7 /* mgwuPlaceholderIconDark.png in Resources */ = {isa = PBXBuildFile; fileRef = 41EB07AE1982AB2B00EB0FF7 /* mgwuPlaceholderIconDark.png */; };
		41EB07F61982AB2B00EB0FF7 /* mgwuPlaceholderIconDark@2x.png in Resources */ = {isa = PBXBuildFile; fileRef = 41EB07AF1982AB2B00EB0FF7 /* mgwuPlaceholderIconDark@2x.png */; };
		41EB07F71982AB2B00EB0FF7 /* operator.available.png in Resources */ = {isa = PBXBuildFile; fileRef = 41EB07B01982AB2B00EB0FF7 /* operator.available.png */; };
		41EB07F81982AB2B00EB0FF7 /* operator.connecting.png in Resources */ = {isa = PBXBuildFile; fileRef = 41EB07B11982AB2B00EB0FF7 /* operator.connecting.png */; };
		41EB07F91982AB2B00EB0FF7 /* operator.unavailable.png in Resources */ = {isa = PBXBuildFile; fileRef = 41EB07B21982AB2B00EB0FF7 /* operator.unavailable.png */; };
		41EB07FA1982AB2B00EB0FF7 /* send-button-active.png in Resources */ = {isa = PBXBuildFile; fileRef = 41EB07B31982AB2B00EB0FF7 /* send-button-active.png */; };
		41EB07FB1982AB2B00EB0FF7 /* send-button-inactive.png in Resources */ = {isa = PBXBuildFile; fileRef = 41EB07B41982AB2B00EB0FF7 /* send-button-inactive.png */; };
		41EB07FC1982AB2B00EB0FF7 /* send-button-instate.png in Resources */ = {isa = PBXBuildFile; fileRef = 41EB07B51982AB2B00EB0FF7 /* send-button-instate.png */; };
		41EB07FD1982AB2B00EB0FF7 /* send-field-landscape.png in Resources */ = {isa = PBXBuildFile; fileRef = 41EB07B61982AB2B00EB0FF7 /* send-field-landscape.png */; };
		41EB08061982F61500EB0FF7 /* Images.xcassets in Resources */ = {isa = PBXBuildFile; fileRef = 41EB08051982F61500EB0FF7 /* Images.xcassets */; };
		41EB080A1982F89900EB0FF7 /* icon_29.png in Resources */ = {isa = PBXBuildFile; fileRef = 41EB08071982F89900EB0FF7 /* icon_29.png */; };
		41EB080B1982F89900EB0FF7 /* icon_40.png in Resources */ = {isa = PBXBuildFile; fileRef = 41EB08081982F89900EB0FF7 /* icon_40.png */; };
		41EB080C1982F89900EB0FF7 /* icon_57.png in Resources */ = {isa = PBXBuildFile; fileRef = 41EB08091982F89900EB0FF7 /* icon_57.png */; };
		8392007A18EE8E3300B6C429 /* GLKit.framework in Frameworks */ = {isa = PBXBuildFile; fileRef = 8392007918EE8E3300B6C429 /* GLKit.framework */; };
		B737893B180761570076A88C /* Published-iOS in Resources */ = {isa = PBXBuildFile; fileRef = B737893A180761570076A88C /* Published-iOS */; };
		B737893F1807617C0076A88C /* AppDelegate.m in Sources */ = {isa = PBXBuildFile; fileRef = B737893E1807617C0076A88C /* AppDelegate.m */; };
		B73789871807631A0076A88C /* main.m in Sources */ = {isa = PBXBuildFile; fileRef = B73789851807631A0076A88C /* main.m */; };
		B737898A1807642B0076A88C /* libcocos2d.a in Frameworks */ = {isa = PBXBuildFile; fileRef = B737894B180761A90076A88C /* libcocos2d.a */; };
		B7378994180767190076A88C /* MainScene.m in Sources */ = {isa = PBXBuildFile; fileRef = B7378993180767190076A88C /* MainScene.m */; };
		B77F1B3217B978D7009739AE /* QuartzCore.framework in Frameworks */ = {isa = PBXBuildFile; fileRef = B77F1B3117B978D7009739AE /* QuartzCore.framework */; };
		B77F1B3417B978D7009739AE /* OpenGLES.framework in Frameworks */ = {isa = PBXBuildFile; fileRef = B77F1B3317B978D7009739AE /* OpenGLES.framework */; };
		B77F1B3617B978D7009739AE /* OpenAL.framework in Frameworks */ = {isa = PBXBuildFile; fileRef = B77F1B3517B978D7009739AE /* OpenAL.framework */; };
		B77F1B3817B978D7009739AE /* AudioToolbox.framework in Frameworks */ = {isa = PBXBuildFile; fileRef = B77F1B3717B978D7009739AE /* AudioToolbox.framework */; };
		B77F1B3A17B978D7009739AE /* AVFoundation.framework in Frameworks */ = {isa = PBXBuildFile; fileRef = B77F1B3917B978D7009739AE /* AVFoundation.framework */; };
		B77F1B3C17B978D7009739AE /* UIKit.framework in Frameworks */ = {isa = PBXBuildFile; fileRef = B77F1B3B17B978D7009739AE /* UIKit.framework */; };
		B77F1B3E17B978D7009739AE /* Foundation.framework in Frameworks */ = {isa = PBXBuildFile; fileRef = B77F1B3D17B978D7009739AE /* Foundation.framework */; };
		B77F1B4017B978D7009739AE /* CoreGraphics.framework in Frameworks */ = {isa = PBXBuildFile; fileRef = B77F1B3F17B978D7009739AE /* CoreGraphics.framework */; };
		B77F1B4217B978D7009739AE /* CoreText.framework in Frameworks */ = {isa = PBXBuildFile; fileRef = B77F1B4117B978D7009739AE /* CoreText.framework */; };
/* End PBXBuildFile section */

/* Begin PBXContainerItemProxy section */
		B737894A180761A90076A88C /* PBXContainerItemProxy */ = {
			isa = PBXContainerItemProxy;
			containerPortal = B7378940180761A80076A88C /* cocos2d-ios.xcodeproj */;
			proxyType = 2;
			remoteGlobalIDString = 5018F24D0DFDEAC400C013A5;
			remoteInfo = cocos2d;
		};
		B7378988180764180076A88C /* PBXContainerItemProxy */ = {
			isa = PBXContainerItemProxy;
			containerPortal = B7378940180761A80076A88C /* cocos2d-ios.xcodeproj */;
			proxyType = 1;
			remoteGlobalIDString = 5018F24C0DFDEAC400C013A5;
			remoteInfo = cocos2d;
		};
/* End PBXContainerItemProxy section */

/* Begin PBXFileReference section */
		4182299719841210009AC063 /* icon_07.png */ = {isa = PBXFileReference; lastKnownFileType = image.png; path = icon_07.png; sourceTree = "<group>"; };
		419EB3601982922A001C9601 /* Gameplay.h */ = {isa = PBXFileReference; fileEncoding = 4; lastKnownFileType = sourcecode.c.h; name = Gameplay.h; path = Source/Gameplay.h; sourceTree = "<group>"; };
		419EB3611982922A001C9601 /* Gameplay.m */ = {isa = PBXFileReference; fileEncoding = 4; lastKnownFileType = sourcecode.c.objc; name = Gameplay.m; path = Source/Gameplay.m; sourceTree = "<group>"; };
		41EB07571982A94200EB0FF7 /* Accounts.framework */ = {isa = PBXFileReference; lastKnownFileType = wrapper.framework; name = Accounts.framework; path = System/Library/Frameworks/Accounts.framework; sourceTree = SDKROOT; };
		41EB075A1982A94D00EB0FF7 /* AdSupport.framework */ = {isa = PBXFileReference; lastKnownFileType = wrapper.framework; name = AdSupport.framework; path = System/Library/Frameworks/AdSupport.framework; sourceTree = SDKROOT; };
		41EB075C1982A95700EB0FF7 /* CFNetwork.framework */ = {isa = PBXFileReference; lastKnownFileType = wrapper.framework; name = CFNetwork.framework; path = System/Library/Frameworks/CFNetwork.framework; sourceTree = SDKROOT; };
		41EB075E1982A95F00EB0FF7 /* CoreTelephony.framework */ = {isa = PBXFileReference; lastKnownFileType = wrapper.framework; name = CoreTelephony.framework; path = System/Library/Frameworks/CoreTelephony.framework; sourceTree = SDKROOT; };
		41EB07601982A97000EB0FF7 /* libicucore.dylib */ = {isa = PBXFileReference; lastKnownFileType = "compiled.mach-o.dylib"; name = libicucore.dylib; path = usr/lib/libicucore.dylib; sourceTree = SDKROOT; };
		41EB07621982A97900EB0FF7 /* MessageUI.framework */ = {isa = PBXFileReference; lastKnownFileType = wrapper.framework; name = MessageUI.framework; path = System/Library/Frameworks/MessageUI.framework; sourceTree = SDKROOT; };
		41EB07641982A98100EB0FF7 /* Security.framework */ = {isa = PBXFileReference; lastKnownFileType = wrapper.framework; name = Security.framework; path = System/Library/Frameworks/Security.framework; sourceTree = SDKROOT; };
		41EB07661982A98500EB0FF7 /* Social.framework */ = {isa = PBXFileReference; lastKnownFileType = wrapper.framework; name = Social.framework; path = System/Library/Frameworks/Social.framework; sourceTree = SDKROOT; };
		41EB07681982A98D00EB0FF7 /* StoreKit.framework */ = {isa = PBXFileReference; lastKnownFileType = wrapper.framework; name = StoreKit.framework; path = System/Library/Frameworks/StoreKit.framework; sourceTree = SDKROOT; };
		41EB076A1982A99700EB0FF7 /* SystemConfiguration.framework */ = {isa = PBXFileReference; lastKnownFileType = wrapper.framework; name = SystemConfiguration.framework; path = System/Library/Frameworks/SystemConfiguration.framework; sourceTree = SDKROOT; };
		41EB076C1982A99F00EB0FF7 /* Twitter.framework */ = {isa = PBXFileReference; lastKnownFileType = wrapper.framework; name = Twitter.framework; path = System/Library/Frameworks/Twitter.framework; sourceTree = SDKROOT; };
		41EB076F1982AB2B00EB0FF7 /* mgwuSDK.framework */ = {isa = PBXFileReference; lastKnownFileType = wrapper.framework; path = mgwuSDK.framework; sourceTree = "<group>"; };
		41EB07711982AB2B00EB0FF7 /* aqua.png */ = {isa = PBXFileReference; lastKnownFileType = image.png; path = aqua.png; sourceTree = "<group>"; };
		41EB07721982AB2B00EB0FF7 /* bluechatbubble.png */ = {isa = PBXFileReference; lastKnownFileType = image.png; path = bluechatbubble.png; sourceTree = "<group>"; };
		41EB07731982AB2B00EB0FF7 /* CrossPromoViewController.nib */ = {isa = PBXFileReference; lastKnownFileType = file.bplist; path = CrossPromoViewController.nib; sourceTree = "<group>"; };
		41EB07741982AB2B00EB0FF7 /* FacebookIcon.png */ = {isa = PBXFileReference; lastKnownFileType = image.png; path = FacebookIcon.png; sourceTree = "<group>"; };
		41EB07751982AB2B00EB0FF7 /* FacebookSDKResources.bundle */ = {isa = PBXFileReference; lastKnownFileType = "wrapper.plug-in"; path = FacebookSDKResources.bundle; sourceTree = "<group>"; };
		41EB07761982AB2B00EB0FF7 /* fb_connect.png */ = {isa = PBXFileReference; lastKnownFileType = image.png; path = fb_connect.png; sourceTree = "<group>"; };
		41EB07771982AB2B00EB0FF7 /* FBLoginButton.png */ = {isa = PBXFileReference; lastKnownFileType = image.png; path = FBLoginButton.png; sourceTree = "<group>"; };
		41EB07781982AB2B00EB0FF7 /* FBLoginButton@2x.png */ = {isa = PBXFileReference; lastKnownFileType = image.png; path = "FBLoginButton@2x.png"; sourceTree = "<group>"; };
		41EB07791982AB2B00EB0FF7 /* FBLoginButtonPressed.png */ = {isa = PBXFileReference; lastKnownFileType = image.png; path = FBLoginButtonPressed.png; sourceTree = "<group>"; };
		41EB077A1982AB2B00EB0FF7 /* FBLoginButtonPressed@2x.png */ = {isa = PBXFileReference; lastKnownFileType = image.png; path = "FBLoginButtonPressed@2x.png"; sourceTree = "<group>"; };
		41EB077B1982AB2B00EB0FF7 /* FBNoThanksButton.png */ = {isa = PBXFileReference; lastKnownFileType = image.png; path = FBNoThanksButton.png; sourceTree = "<group>"; };
		41EB077C1982AB2B00EB0FF7 /* FBNoThanksButton@2x.png */ = {isa = PBXFileReference; lastKnownFileType = image.png; path = "FBNoThanksButton@2x.png"; sourceTree = "<group>"; };
		41EB077D1982AB2B00EB0FF7 /* FBNoThanksButtonPressed.png */ = {isa = PBXFileReference; lastKnownFileType = image.png; path = FBNoThanksButtonPressed.png; sourceTree = "<group>"; };
		41EB077E1982AB2B00EB0FF7 /* FBNoThanksButtonPressed@2x.png */ = {isa = PBXFileReference; lastKnownFileType = image.png; path = "FBNoThanksButtonPressed@2x.png"; sourceTree = "<group>"; };
		41EB077F1982AB2B00EB0FF7 /* green.png */ = {isa = PBXFileReference; lastKnownFileType = image.png; path = green.png; sourceTree = "<group>"; };
		41EB07801982AB2B00EB0FF7 /* grey-background.png */ = {isa = PBXFileReference; lastKnownFileType = image.png; path = "grey-background.png"; sourceTree = "<group>"; };
		41EB07811982AB2B00EB0FF7 /* hipmob.back.btn.png */ = {isa = PBXFileReference; lastKnownFileType = image.png; path = hipmob.back.btn.png; sourceTree = "<group>"; };
		41EB07821982AB2B00EB0FF7 /* hipmob.send.png */ = {isa = PBXFileReference; lastKnownFileType = image.png; path = hipmob.send.png; sourceTree = "<group>"; };
		41EB07831982AB2B00EB0FF7 /* hipmobsend_field.png */ = {isa = PBXFileReference; lastKnownFileType = image.png; path = hipmobsend_field.png; sourceTree = "<group>"; };
		41EB07841982AB2B00EB0FF7 /* hipmobsend_field@2x.png */ = {isa = PBXFileReference; lastKnownFileType = image.png; path = "hipmobsend_field@2x.png"; sourceTree = "<group>"; };
		41EB07851982AB2B00EB0FF7 /* mgwu-gk-notification.png */ = {isa = PBXFileReference; lastKnownFileType = image.png; path = "mgwu-gk-notification.png"; sourceTree = "<group>"; };
		41EB07861982AB2B00EB0FF7 /* mgwu-gk-notification@2x.png */ = {isa = PBXFileReference; lastKnownFileType = image.png; path = "mgwu-gk-notification@2x.png"; sourceTree = "<group>"; };
		41EB07871982AB2B00EB0FF7 /* mgwu-m.png */ = {isa = PBXFileReference; lastKnownFileType = image.png; path = "mgwu-m.png"; sourceTree = "<group>"; };
		41EB07881982AB2B00EB0FF7 /* mgwu-m@2x.png */ = {isa = PBXFileReference; lastKnownFileType = image.png; path = "mgwu-m@2x.png"; sourceTree = "<group>"; };
		41EB07891982AB2B00EB0FF7 /* MGWUAboutFooter-Landscape-568h@2x~iphone.png */ = {isa = PBXFileReference; lastKnownFileType = image.png; path = "MGWUAboutFooter-Landscape-568h@2x~iphone.png"; sourceTree = "<group>"; };
		41EB078A1982AB2B00EB0FF7 /* MGWUAboutFooter-Landscape@2x~ipad.png */ = {isa = PBXFileReference; lastKnownFileType = image.png; path = "MGWUAboutFooter-Landscape@2x~ipad.png"; sourceTree = "<group>"; };
		41EB078B1982AB2B00EB0FF7 /* MGWUAboutFooter-Landscape@2x~iphone.png */ = {isa = PBXFileReference; lastKnownFileType = image.png; path = "MGWUAboutFooter-Landscape@2x~iphone.png"; sourceTree = "<group>"; };
		41EB078C1982AB2B00EB0FF7 /* MGWUAboutFooter-Landscape~ipad.png */ = {isa = PBXFileReference; lastKnownFileType = image.png; path = "MGWUAboutFooter-Landscape~ipad.png"; sourceTree = "<group>"; };
		41EB078D1982AB2B00EB0FF7 /* MGWUAboutFooter-Landscape~iphone.png */ = {isa = PBXFileReference; lastKnownFileType = image.png; path = "MGWUAboutFooter-Landscape~iphone.png"; sourceTree = "<group>"; };
		41EB078E1982AB2B00EB0FF7 /* MGWUAboutFooter-Portrait@2x~ipad.png */ = {isa = PBXFileReference; lastKnownFileType = image.png; path = "MGWUAboutFooter-Portrait@2x~ipad.png"; sourceTree = "<group>"; };
		41EB078F1982AB2B00EB0FF7 /* MGWUAboutFooter-Portrait@2x~iphone.png */ = {isa = PBXFileReference; lastKnownFileType = image.png; path = "MGWUAboutFooter-Portrait@2x~iphone.png"; sourceTree = "<group>"; };
		41EB07901982AB2B00EB0FF7 /* MGWUAboutFooter-Portrait~ipad.png */ = {isa = PBXFileReference; lastKnownFileType = image.png; path = "MGWUAboutFooter-Portrait~ipad.png"; sourceTree = "<group>"; };
		41EB07911982AB2B00EB0FF7 /* MGWUAboutFooter-Portrait~iphone.png */ = {isa = PBXFileReference; lastKnownFileType = image.png; path = "MGWUAboutFooter-Portrait~iphone.png"; sourceTree = "<group>"; };
		41EB07921982AB2B00EB0FF7 /* MGWUBackground-Landscape@2x~ipad.png */ = {isa = PBXFileReference; lastKnownFileType = image.png; path = "MGWUBackground-Landscape@2x~ipad.png"; sourceTree = "<group>"; };
		41EB07931982AB2B00EB0FF7 /* MGWUBackground-Landscape@2x~iphone.png */ = {isa = PBXFileReference; lastKnownFileType = image.png; path = "MGWUBackground-Landscape@2x~iphone.png"; sourceTree = "<group>"; };
		41EB07941982AB2B00EB0FF7 /* MGWUBackground-Landscape~ipad.png */ = {isa = PBXFileReference; lastKnownFileType = image.png; path = "MGWUBackground-Landscape~ipad.png"; sourceTree = "<group>"; };
		41EB07951982AB2B00EB0FF7 /* MGWUBackground-Landscape~iphone.png */ = {isa = PBXFileReference; lastKnownFileType = image.png; path = "MGWUBackground-Landscape~iphone.png"; sourceTree = "<group>"; };
		41EB07961982AB2B00EB0FF7 /* MGWUBackground-Portrait@2x~ipad.png */ = {isa = PBXFileReference; lastKnownFileType = image.png; path = "MGWUBackground-Portrait@2x~ipad.png"; sourceTree = "<group>"; };
		41EB07971982AB2B00EB0FF7 /* MGWUBackground-Portrait@2x~iphone.png */ = {isa = PBXFileReference; lastKnownFileType = image.png; path = "MGWUBackground-Portrait@2x~iphone.png"; sourceTree = "<group>"; };
		41EB07981982AB2B00EB0FF7 /* MGWUBackground-Portrait~ipad.png */ = {isa = PBXFileReference; lastKnownFileType = image.png; path = "MGWUBackground-Portrait~ipad.png"; sourceTree = "<group>"; };
		41EB07991982AB2B00EB0FF7 /* MGWUBackground-Portrait~iphone.png */ = {isa = PBXFileReference; lastKnownFileType = image.png; path = "MGWUBackground-Portrait~iphone.png"; sourceTree = "<group>"; };
		41EB079A1982AB2B00EB0FF7 /* MGWUBackgroundDark-Landscape@2x~ipad.png */ = {isa = PBXFileReference; lastKnownFileType = image.png; path = "MGWUBackgroundDark-Landscape@2x~ipad.png"; sourceTree = "<group>"; };
		41EB079B1982AB2B00EB0FF7 /* MGWUBackgroundDark-Landscape@2x~iphone.png */ = {isa = PBXFileReference; lastKnownFileType = image.png; path = "MGWUBackgroundDark-Landscape@2x~iphone.png"; sourceTree = "<group>"; };
		41EB079C1982AB2B00EB0FF7 /* MGWUBackgroundDark-Landscape~ipad.png */ = {isa = PBXFileReference; lastKnownFileType = image.png; path = "MGWUBackgroundDark-Landscape~ipad.png"; sourceTree = "<group>"; };
		41EB079D1982AB2B00EB0FF7 /* MGWUBackgroundDark-Landscape~iphone.png */ = {isa = PBXFileReference; lastKnownFileType = image.png; path = "MGWUBackgroundDark-Landscape~iphone.png"; sourceTree = "<group>"; };
		41EB079E1982AB2B00EB0FF7 /* MGWUBackgroundDark-Portrait@2x~ipad.png */ = {isa = PBXFileReference; lastKnownFileType = image.png; path = "MGWUBackgroundDark-Portrait@2x~ipad.png"; sourceTree = "<group>"; };
		41EB079F1982AB2B00EB0FF7 /* MGWUBackgroundDark-Portrait@2x~iphone.png */ = {isa = PBXFileReference; lastKnownFileType = image.png; path = "MGWUBackgroundDark-Portrait@2x~iphone.png"; sourceTree = "<group>"; };
		41EB07A01982AB2B00EB0FF7 /* MGWUBackgroundDark-Portrait~ipad.png */ = {isa = PBXFileReference; lastKnownFileType = image.png; path = "MGWUBackgroundDark-Portrait~ipad.png"; sourceTree = "<group>"; };
		41EB07A11982AB2B00EB0FF7 /* MGWUBackgroundDark-Portrait~iphone.png */ = {isa = PBXFileReference; lastKnownFileType = image.png; path = "MGWUBackgroundDark-Portrait~iphone.png"; sourceTree = "<group>"; };
		41EB07A21982AB2B00EB0FF7 /* MGWUClose.png */ = {isa = PBXFileReference; lastKnownFileType = image.png; path = MGWUClose.png; sourceTree = "<group>"; };
		41EB07A31982AB2B00EB0FF7 /* MGWUClose@2x.png */ = {isa = PBXFileReference; lastKnownFileType = image.png; path = "MGWUClose@2x.png"; sourceTree = "<group>"; };
		41EB07A41982AB2B00EB0FF7 /* MGWUFacebookLoginLandscape.nib */ = {isa = PBXFileReference; lastKnownFileType = file.bplist; path = MGWUFacebookLoginLandscape.nib; sourceTree = "<group>"; };
		41EB07A51982AB2B00EB0FF7 /* MGWUFacebookLoginLandscapeDark.nib */ = {isa = PBXFileReference; lastKnownFileType = file.bplist; path = MGWUFacebookLoginLandscapeDark.nib; sourceTree = "<group>"; };
		41EB07A61982AB2B00EB0FF7 /* MGWUFacebookLoginPortrait.nib */ = {isa = PBXFileReference; lastKnownFileType = file.bplist; path = MGWUFacebookLoginPortrait.nib; sourceTree = "<group>"; };
		41EB07A71982AB2B00EB0FF7 /* MGWUFacebookLoginPortraitDark.nib */ = {isa = PBXFileReference; lastKnownFileType = file.bplist; path = MGWUFacebookLoginPortraitDark.nib; sourceTree = "<group>"; };
		41EB07A81982AB2B00EB0FF7 /* mgwuLogo.png */ = {isa = PBXFileReference; lastKnownFileType = image.png; path = mgwuLogo.png; sourceTree = "<group>"; };
		41EB07A91982AB2B00EB0FF7 /* mgwuLogo@2x.png */ = {isa = PBXFileReference; lastKnownFileType = image.png; path = "mgwuLogo@2x.png"; sourceTree = "<group>"; };
		41EB07AA1982AB2B00EB0FF7 /* mgwuLogoDark.png */ = {isa = PBXFileReference; lastKnownFileType = image.png; path = mgwuLogoDark.png; sourceTree = "<group>"; };
		41EB07AB1982AB2B00EB0FF7 /* mgwuLogoDark@2x.png */ = {isa = PBXFileReference; lastKnownFileType = image.png; path = "mgwuLogoDark@2x.png"; sourceTree = "<group>"; };
		41EB07AC1982AB2B00EB0FF7 /* mgwuPlaceholderIcon.png */ = {isa = PBXFileReference; lastKnownFileType = image.png; path = mgwuPlaceholderIcon.png; sourceTree = "<group>"; };
		41EB07AD1982AB2B00EB0FF7 /* mgwuPlaceholderIcon@2x.png */ = {isa = PBXFileReference; lastKnownFileType = image.png; path = "mgwuPlaceholderIcon@2x.png"; sourceTree = "<group>"; };
		41EB07AE1982AB2B00EB0FF7 /* mgwuPlaceholderIconDark.png */ = {isa = PBXFileReference; lastKnownFileType = image.png; path = mgwuPlaceholderIconDark.png; sourceTree = "<group>"; };
		41EB07AF1982AB2B00EB0FF7 /* mgwuPlaceholderIconDark@2x.png */ = {isa = PBXFileReference; lastKnownFileType = image.png; path = "mgwuPlaceholderIconDark@2x.png"; sourceTree = "<group>"; };
		41EB07B01982AB2B00EB0FF7 /* operator.available.png */ = {isa = PBXFileReference; lastKnownFileType = image.png; path = operator.available.png; sourceTree = "<group>"; };
		41EB07B11982AB2B00EB0FF7 /* operator.connecting.png */ = {isa = PBXFileReference; lastKnownFileType = image.png; path = operator.connecting.png; sourceTree = "<group>"; };
		41EB07B21982AB2B00EB0FF7 /* operator.unavailable.png */ = {isa = PBXFileReference; lastKnownFileType = image.png; path = operator.unavailable.png; sourceTree = "<group>"; };
		41EB07B31982AB2B00EB0FF7 /* send-button-active.png */ = {isa = PBXFileReference; lastKnownFileType = image.png; path = "send-button-active.png"; sourceTree = "<group>"; };
		41EB07B41982AB2B00EB0FF7 /* send-button-inactive.png */ = {isa = PBXFileReference; lastKnownFileType = image.png; path = "send-button-inactive.png"; sourceTree = "<group>"; };
		41EB07B51982AB2B00EB0FF7 /* send-button-instate.png */ = {isa = PBXFileReference; lastKnownFileType = image.png; path = "send-button-instate.png"; sourceTree = "<group>"; };
		41EB07B61982AB2B00EB0FF7 /* send-field-landscape.png */ = {isa = PBXFileReference; lastKnownFileType = image.png; path = "send-field-landscape.png"; sourceTree = "<group>"; };
		41EB08051982F61500EB0FF7 /* Images.xcassets */ = {isa = PBXFileReference; lastKnownFileType = folder.assetcatalog; name = Images.xcassets; path = GreenZone/Images.xcassets; sourceTree = SOURCE_ROOT; };
		41EB08071982F89900EB0FF7 /* icon_29.png */ = {isa = PBXFileReference; lastKnownFileType = image.png; path = icon_29.png; sourceTree = "<group>"; };
		41EB08081982F89900EB0FF7 /* icon_40.png */ = {isa = PBXFileReference; lastKnownFileType = image.png; path = icon_40.png; sourceTree = "<group>"; };
		41EB08091982F89900EB0FF7 /* icon_57.png */ = {isa = PBXFileReference; lastKnownFileType = image.png; path = icon_57.png; sourceTree = "<group>"; };
		8392007918EE8E3300B6C429 /* GLKit.framework */ = {isa = PBXFileReference; lastKnownFileType = wrapper.framework; name = GLKit.framework; path = System/Library/Frameworks/GLKit.framework; sourceTree = SDKROOT; };
		B737893A180761570076A88C /* Published-iOS */ = {isa = PBXFileReference; lastKnownFileType = folder; name = "Published-iOS"; path = "Source/Resources/Published-iOS"; sourceTree = SOURCE_ROOT; };
		B737893D1807617C0076A88C /* AppDelegate.h */ = {isa = PBXFileReference; fileEncoding = 4; lastKnownFileType = sourcecode.c.h; name = AppDelegate.h; path = Source/AppDelegate.h; sourceTree = "<group>"; };
		B737893E1807617C0076A88C /* AppDelegate.m */ = {isa = PBXFileReference; fileEncoding = 4; lastKnownFileType = sourcecode.c.objc; name = AppDelegate.m; path = Source/AppDelegate.m; sourceTree = "<group>"; };
		B7378940180761A80076A88C /* cocos2d-ios.xcodeproj */ = {isa = PBXFileReference; lastKnownFileType = "wrapper.pb-project"; name = "cocos2d-ios.xcodeproj"; path = "Source/libs/cocos2d-iphone/cocos2d-ios.xcodeproj"; sourceTree = SOURCE_ROOT; };
		B73789851807631A0076A88C /* main.m */ = {isa = PBXFileReference; fileEncoding = 4; lastKnownFileType = sourcecode.c.objc; name = main.m; path = Source/main.m; sourceTree = SOURCE_ROOT; };
		B73789861807631A0076A88C /* Prefix.pch */ = {isa = PBXFileReference; fileEncoding = 4; lastKnownFileType = sourcecode.c.h; name = Prefix.pch; path = Source/Prefix.pch; sourceTree = SOURCE_ROOT; };
		B7378992180767190076A88C /* MainScene.h */ = {isa = PBXFileReference; fileEncoding = 4; lastKnownFileType = sourcecode.c.h; name = MainScene.h; path = Source/MainScene.h; sourceTree = "<group>"; };
		B7378993180767190076A88C /* MainScene.m */ = {isa = PBXFileReference; fileEncoding = 4; lastKnownFileType = sourcecode.c.objc; name = MainScene.m; path = Source/MainScene.m; sourceTree = "<group>"; };
		B77F1B2E17B978D7009739AE /* StayGreen.app */ = {isa = PBXFileReference; explicitFileType = wrapper.application; includeInIndex = 0; path = StayGreen.app; sourceTree = BUILT_PRODUCTS_DIR; };
		B77F1B3117B978D7009739AE /* QuartzCore.framework */ = {isa = PBXFileReference; lastKnownFileType = wrapper.framework; name = QuartzCore.framework; path = System/Library/Frameworks/QuartzCore.framework; sourceTree = SDKROOT; };
		B77F1B3317B978D7009739AE /* OpenGLES.framework */ = {isa = PBXFileReference; lastKnownFileType = wrapper.framework; name = OpenGLES.framework; path = System/Library/Frameworks/OpenGLES.framework; sourceTree = SDKROOT; };
		B77F1B3517B978D7009739AE /* OpenAL.framework */ = {isa = PBXFileReference; lastKnownFileType = wrapper.framework; name = OpenAL.framework; path = System/Library/Frameworks/OpenAL.framework; sourceTree = SDKROOT; };
		B77F1B3717B978D7009739AE /* AudioToolbox.framework */ = {isa = PBXFileReference; lastKnownFileType = wrapper.framework; name = AudioToolbox.framework; path = System/Library/Frameworks/AudioToolbox.framework; sourceTree = SDKROOT; };
		B77F1B3917B978D7009739AE /* AVFoundation.framework */ = {isa = PBXFileReference; lastKnownFileType = wrapper.framework; name = AVFoundation.framework; path = System/Library/Frameworks/AVFoundation.framework; sourceTree = SDKROOT; };
		B77F1B3B17B978D7009739AE /* UIKit.framework */ = {isa = PBXFileReference; lastKnownFileType = wrapper.framework; name = UIKit.framework; path = System/Library/Frameworks/UIKit.framework; sourceTree = SDKROOT; };
		B77F1B3D17B978D7009739AE /* Foundation.framework */ = {isa = PBXFileReference; lastKnownFileType = wrapper.framework; name = Foundation.framework; path = System/Library/Frameworks/Foundation.framework; sourceTree = SDKROOT; };
		B77F1B3F17B978D7009739AE /* CoreGraphics.framework */ = {isa = PBXFileReference; lastKnownFileType = wrapper.framework; name = CoreGraphics.framework; path = System/Library/Frameworks/CoreGraphics.framework; sourceTree = SDKROOT; };
		B77F1B4117B978D7009739AE /* CoreText.framework */ = {isa = PBXFileReference; lastKnownFileType = wrapper.framework; name = CoreText.framework; path = System/Library/Frameworks/CoreText.framework; sourceTree = SDKROOT; };
		B7B3713D180358F1007369CC /* libObjectiveChipmunk.a */ = {isa = PBXFileReference; lastKnownFileType = archive.ar; name = libObjectiveChipmunk.a; path = "../libs/cocos2d-iphone/external/Chipmunk/xcode/build/Debug-iphoneos/libObjectiveChipmunk.a"; sourceTree = "<group>"; };
/* End PBXFileReference section */

/* Begin PBXFrameworksBuildPhase section */
		B77F1B2B17B978D7009739AE /* Frameworks */ = {
			isa = PBXFrameworksBuildPhase;
			buildActionMask = 2147483647;
			files = (
				41EB076D1982A99F00EB0FF7 /* Twitter.framework in Frameworks */,
				41EB076B1982A99700EB0FF7 /* SystemConfiguration.framework in Frameworks */,
				41EB07691982A98D00EB0FF7 /* StoreKit.framework in Frameworks */,
				41EB07671982A98500EB0FF7 /* Social.framework in Frameworks */,
				41EB07651982A98100EB0FF7 /* Security.framework in Frameworks */,
				41EB07631982A97900EB0FF7 /* MessageUI.framework in Frameworks */,
				41EB07611982A97000EB0FF7 /* libicucore.dylib in Frameworks */,
				41EB075F1982A95F00EB0FF7 /* CoreTelephony.framework in Frameworks */,
				41EB075D1982A95700EB0FF7 /* CFNetwork.framework in Frameworks */,
				41EB075B1982A94D00EB0FF7 /* AdSupport.framework in Frameworks */,
				41EB07581982A94200EB0FF7 /* Accounts.framework in Frameworks */,
				8392007A18EE8E3300B6C429 /* GLKit.framework in Frameworks */,
				41EB07B71982AB2B00EB0FF7 /* mgwuSDK.framework in Frameworks */,
				B737898A1807642B0076A88C /* libcocos2d.a in Frameworks */,
				B77F1B3217B978D7009739AE /* QuartzCore.framework in Frameworks */,
				B77F1B3417B978D7009739AE /* OpenGLES.framework in Frameworks */,
				B77F1B3617B978D7009739AE /* OpenAL.framework in Frameworks */,
				B77F1B3817B978D7009739AE /* AudioToolbox.framework in Frameworks */,
				B77F1B3A17B978D7009739AE /* AVFoundation.framework in Frameworks */,
				B77F1B3C17B978D7009739AE /* UIKit.framework in Frameworks */,
				B77F1B3E17B978D7009739AE /* Foundation.framework in Frameworks */,
				B77F1B4017B978D7009739AE /* CoreGraphics.framework in Frameworks */,
				B77F1B4217B978D7009739AE /* CoreText.framework in Frameworks */,
			);
			runOnlyForDeploymentPostprocessing = 0;
		};
/* End PBXFrameworksBuildPhase section */

/* Begin PBXGroup section */
		41EB076E1982AB2B00EB0FF7 /* mgwuSDK.embeddedframework */ = {
			isa = PBXGroup;
			children = (
				41EB076F1982AB2B00EB0FF7 /* mgwuSDK.framework */,
				41EB07701982AB2B00EB0FF7 /* Resources */,
			);
			path = mgwuSDK.embeddedframework;
			sourceTree = "<group>";
		};
		41EB07701982AB2B00EB0FF7 /* Resources */ = {
			isa = PBXGroup;
			children = (
				41EB07711982AB2B00EB0FF7 /* aqua.png */,
				41EB07721982AB2B00EB0FF7 /* bluechatbubble.png */,
				41EB07731982AB2B00EB0FF7 /* CrossPromoViewController.nib */,
				41EB07741982AB2B00EB0FF7 /* FacebookIcon.png */,
				41EB07751982AB2B00EB0FF7 /* FacebookSDKResources.bundle */,
				41EB07761982AB2B00EB0FF7 /* fb_connect.png */,
				41EB07771982AB2B00EB0FF7 /* FBLoginButton.png */,
				41EB07781982AB2B00EB0FF7 /* FBLoginButton@2x.png */,
				41EB07791982AB2B00EB0FF7 /* FBLoginButtonPressed.png */,
				41EB077A1982AB2B00EB0FF7 /* FBLoginButtonPressed@2x.png */,
				41EB077B1982AB2B00EB0FF7 /* FBNoThanksButton.png */,
				41EB077C1982AB2B00EB0FF7 /* FBNoThanksButton@2x.png */,
				41EB077D1982AB2B00EB0FF7 /* FBNoThanksButtonPressed.png */,
				41EB077E1982AB2B00EB0FF7 /* FBNoThanksButtonPressed@2x.png */,
				41EB077F1982AB2B00EB0FF7 /* green.png */,
				41EB07801982AB2B00EB0FF7 /* grey-background.png */,
				41EB07811982AB2B00EB0FF7 /* hipmob.back.btn.png */,
				41EB07821982AB2B00EB0FF7 /* hipmob.send.png */,
				41EB07831982AB2B00EB0FF7 /* hipmobsend_field.png */,
				41EB07841982AB2B00EB0FF7 /* hipmobsend_field@2x.png */,
				41EB07851982AB2B00EB0FF7 /* mgwu-gk-notification.png */,
				41EB07861982AB2B00EB0FF7 /* mgwu-gk-notification@2x.png */,
				41EB07871982AB2B00EB0FF7 /* mgwu-m.png */,
				41EB07881982AB2B00EB0FF7 /* mgwu-m@2x.png */,
				41EB07891982AB2B00EB0FF7 /* MGWUAboutFooter-Landscape-568h@2x~iphone.png */,
				41EB078A1982AB2B00EB0FF7 /* MGWUAboutFooter-Landscape@2x~ipad.png */,
				41EB078B1982AB2B00EB0FF7 /* MGWUAboutFooter-Landscape@2x~iphone.png */,
				41EB078C1982AB2B00EB0FF7 /* MGWUAboutFooter-Landscape~ipad.png */,
				41EB078D1982AB2B00EB0FF7 /* MGWUAboutFooter-Landscape~iphone.png */,
				41EB078E1982AB2B00EB0FF7 /* MGWUAboutFooter-Portrait@2x~ipad.png */,
				41EB078F1982AB2B00EB0FF7 /* MGWUAboutFooter-Portrait@2x~iphone.png */,
				41EB07901982AB2B00EB0FF7 /* MGWUAboutFooter-Portrait~ipad.png */,
				41EB07911982AB2B00EB0FF7 /* MGWUAboutFooter-Portrait~iphone.png */,
				41EB07921982AB2B00EB0FF7 /* MGWUBackground-Landscape@2x~ipad.png */,
				41EB07931982AB2B00EB0FF7 /* MGWUBackground-Landscape@2x~iphone.png */,
				41EB07941982AB2B00EB0FF7 /* MGWUBackground-Landscape~ipad.png */,
				41EB07951982AB2B00EB0FF7 /* MGWUBackground-Landscape~iphone.png */,
				41EB07961982AB2B00EB0FF7 /* MGWUBackground-Portrait@2x~ipad.png */,
				41EB07971982AB2B00EB0FF7 /* MGWUBackground-Portrait@2x~iphone.png */,
				41EB07981982AB2B00EB0FF7 /* MGWUBackground-Portrait~ipad.png */,
				41EB07991982AB2B00EB0FF7 /* MGWUBackground-Portrait~iphone.png */,
				41EB079A1982AB2B00EB0FF7 /* MGWUBackgroundDark-Landscape@2x~ipad.png */,
				41EB079B1982AB2B00EB0FF7 /* MGWUBackgroundDark-Landscape@2x~iphone.png */,
				41EB079C1982AB2B00EB0FF7 /* MGWUBackgroundDark-Landscape~ipad.png */,
				41EB079D1982AB2B00EB0FF7 /* MGWUBackgroundDark-Landscape~iphone.png */,
				41EB079E1982AB2B00EB0FF7 /* MGWUBackgroundDark-Portrait@2x~ipad.png */,
				41EB079F1982AB2B00EB0FF7 /* MGWUBackgroundDark-Portrait@2x~iphone.png */,
				41EB07A01982AB2B00EB0FF7 /* MGWUBackgroundDark-Portrait~ipad.png */,
				41EB07A11982AB2B00EB0FF7 /* MGWUBackgroundDark-Portrait~iphone.png */,
				41EB07A21982AB2B00EB0FF7 /* MGWUClose.png */,
				41EB07A31982AB2B00EB0FF7 /* MGWUClose@2x.png */,
				41EB07A41982AB2B00EB0FF7 /* MGWUFacebookLoginLandscape.nib */,
				41EB07A51982AB2B00EB0FF7 /* MGWUFacebookLoginLandscapeDark.nib */,
				41EB07A61982AB2B00EB0FF7 /* MGWUFacebookLoginPortrait.nib */,
				41EB07A71982AB2B00EB0FF7 /* MGWUFacebookLoginPortraitDark.nib */,
				41EB07A81982AB2B00EB0FF7 /* mgwuLogo.png */,
				41EB07A91982AB2B00EB0FF7 /* mgwuLogo@2x.png */,
				41EB07AA1982AB2B00EB0FF7 /* mgwuLogoDark.png */,
				41EB07AB1982AB2B00EB0FF7 /* mgwuLogoDark@2x.png */,
				41EB07AC1982AB2B00EB0FF7 /* mgwuPlaceholderIcon.png */,
				41EB07AD1982AB2B00EB0FF7 /* mgwuPlaceholderIcon@2x.png */,
				41EB07AE1982AB2B00EB0FF7 /* mgwuPlaceholderIconDark.png */,
				41EB07AF1982AB2B00EB0FF7 /* mgwuPlaceholderIconDark@2x.png */,
				41EB07B01982AB2B00EB0FF7 /* operator.available.png */,
				41EB07B11982AB2B00EB0FF7 /* operator.connecting.png */,
				41EB07B21982AB2B00EB0FF7 /* operator.unavailable.png */,
				41EB07B31982AB2B00EB0FF7 /* send-button-active.png */,
				41EB07B41982AB2B00EB0FF7 /* send-button-inactive.png */,
				41EB07B51982AB2B00EB0FF7 /* send-button-instate.png */,
				41EB07B61982AB2B00EB0FF7 /* send-field-landscape.png */,
			);
			path = Resources;
			sourceTree = "<group>";
		};
		9222E2B918734FF800A246C7 /* libs */ = {
			isa = PBXGroup;
			children = (
				B7378940180761A80076A88C /* cocos2d-ios.xcodeproj */,
			);
			name = libs;
			sourceTree = "<group>";
		};
		B737893C1807616C0076A88C /* Source */ = {
			isa = PBXGroup;
			children = (
				B737893D1807617C0076A88C /* AppDelegate.h */,
				B737893E1807617C0076A88C /* AppDelegate.m */,
				B7378992180767190076A88C /* MainScene.h */,
				B7378993180767190076A88C /* MainScene.m */,
				419EB3601982922A001C9601 /* Gameplay.h */,
				419EB3611982922A001C9601 /* Gameplay.m */,
			);
			name = Source;
			sourceTree = "<group>";
		};
		B7378941180761A80076A88C /* Products */ = {
			isa = PBXGroup;
			children = (
				B737894B180761A90076A88C /* libcocos2d.a */,
			);
			name = Products;
			sourceTree = "<group>";
		};
		B73789911807667A0076A88C /* Icons */ = {
			isa = PBXGroup;
			children = (
				41EB08071982F89900EB0FF7 /* icon_29.png */,
				4182299719841210009AC063 /* icon_07.png */,
				41EB08081982F89900EB0FF7 /* icon_40.png */,
				41EB08091982F89900EB0FF7 /* icon_57.png */,
			);
			name = Icons;
			sourceTree = "<group>";
		};
		B77F1B2517B978D7009739AE = {
			isa = PBXGroup;
			children = (
				B737893C1807616C0076A88C /* Source */,
				B77F1B4617B978D7009739AE /* Resources */,
				9222E2B918734FF800A246C7 /* libs */,
				B77F1CCF17B978D8009739AE /* Supporting Files */,
				B77F1B3017B978D7009739AE /* Frameworks */,
				B77F1B2F17B978D7009739AE /* Products */,
			);
			sourceTree = "<group>";
		};
		B77F1B2F17B978D7009739AE /* Products */ = {
			isa = PBXGroup;
			children = (
				B77F1B2E17B978D7009739AE /* StayGreen.app */,
			);
			name = Products;
			sourceTree = "<group>";
		};
		B77F1B3017B978D7009739AE /* Frameworks */ = {
			isa = PBXGroup;
			children = (
				41EB076E1982AB2B00EB0FF7 /* mgwuSDK.embeddedframework */,
				41EB076C1982A99F00EB0FF7 /* Twitter.framework */,
				41EB076A1982A99700EB0FF7 /* SystemConfiguration.framework */,
				41EB07681982A98D00EB0FF7 /* StoreKit.framework */,
				41EB07661982A98500EB0FF7 /* Social.framework */,
				41EB07641982A98100EB0FF7 /* Security.framework */,
				41EB07621982A97900EB0FF7 /* MessageUI.framework */,
				41EB07601982A97000EB0FF7 /* libicucore.dylib */,
				41EB075E1982A95F00EB0FF7 /* CoreTelephony.framework */,
				41EB075C1982A95700EB0FF7 /* CFNetwork.framework */,
				41EB075A1982A94D00EB0FF7 /* AdSupport.framework */,
				41EB07571982A94200EB0FF7 /* Accounts.framework */,
				8392007918EE8E3300B6C429 /* GLKit.framework */,
				B7B3713D180358F1007369CC /* libObjectiveChipmunk.a */,
				B77F1B3117B978D7009739AE /* QuartzCore.framework */,
				B77F1B3317B978D7009739AE /* OpenGLES.framework */,
				B77F1B3517B978D7009739AE /* OpenAL.framework */,
				B77F1B3717B978D7009739AE /* AudioToolbox.framework */,
				B77F1B3917B978D7009739AE /* AVFoundation.framework */,
				B77F1B3B17B978D7009739AE /* UIKit.framework */,
				B77F1B3D17B978D7009739AE /* Foundation.framework */,
				B77F1B3F17B978D7009739AE /* CoreGraphics.framework */,
				B77F1B4117B978D7009739AE /* CoreText.framework */,
			);
			name = Frameworks;
			sourceTree = "<group>";
		};
		B77F1B4617B978D7009739AE /* Resources */ = {
			isa = PBXGroup;
			children = (
				41EB08051982F61500EB0FF7 /* Images.xcassets */,
				B73789911807667A0076A88C /* Icons */,
				B737893A180761570076A88C /* Published-iOS */,
			);
			name = Resources;
			path = Source/Resources;
			sourceTree = "<group>";
		};
		B77F1CCF17B978D8009739AE /* Supporting Files */ = {
			isa = PBXGroup;
			children = (
				B73789851807631A0076A88C /* main.m */,
				B73789861807631A0076A88C /* Prefix.pch */,
			);
			name = "Supporting Files";
			sourceTree = "<group>";
		};
/* End PBXGroup section */

/* Begin PBXNativeTarget section */
		B77F1B2D17B978D7009739AE /* GreenZone */ = {
			isa = PBXNativeTarget;
			buildConfigurationList = B77F1CDE17B978D8009739AE /* Build configuration list for PBXNativeTarget "GreenZone" */;
			buildPhases = (
				D2E0167A18D782EC00927430 /* Run Script */,
				B77F1B2A17B978D7009739AE /* Sources */,
				B77F1B2B17B978D7009739AE /* Frameworks */,
				B77F1B2C17B978D7009739AE /* Resources */,
				54E7CA461982F24C0062B090 /* ShellScript */,
			);
			buildRules = (
			);
			dependencies = (
				B7378989180764180076A88C /* PBXTargetDependency */,
			);
			name = GreenZone;
			productName = Example;
			productReference = B77F1B2E17B978D7009739AE /* StayGreen.app */;
			productType = "com.apple.product-type.application";
		};
/* End PBXNativeTarget section */

/* Begin PBXProject section */
		B77F1B2617B978D7009739AE /* Project object */ = {
			isa = PBXProject;
			attributes = {
				LastUpgradeCheck = 0510;
				ORGANIZATIONNAME = Apportable;
				TargetAttributes = {
					B77F1B2D17B978D7009739AE = {
						DevelopmentTeam = 8EV5JNYZS7;
						SystemCapabilities = {
							com.apple.GameCenter = {
								enabled = 0;
							};
						};
					};
				};
			};
			buildConfigurationList = B77F1B2917B978D7009739AE /* Build configuration list for PBXProject "GreenZone" */;
			compatibilityVersion = "Xcode 3.2";
			developmentRegion = English;
			hasScannedForEncodings = 0;
			knownRegions = (
				en,
			);
			mainGroup = B77F1B2517B978D7009739AE;
			productRefGroup = B77F1B2F17B978D7009739AE /* Products */;
			projectDirPath = "";
			projectReferences = (
				{
					ProductGroup = B7378941180761A80076A88C /* Products */;
					ProjectRef = B7378940180761A80076A88C /* cocos2d-ios.xcodeproj */;
				},
			);
			projectRoot = "";
			targets = (
				B77F1B2D17B978D7009739AE /* GreenZone */,
			);
		};
/* End PBXProject section */

/* Begin PBXReferenceProxy section */
		B737894B180761A90076A88C /* libcocos2d.a */ = {
			isa = PBXReferenceProxy;
			fileType = archive.ar;
			path = libcocos2d.a;
			remoteRef = B737894A180761A90076A88C /* PBXContainerItemProxy */;
			sourceTree = BUILT_PRODUCTS_DIR;
		};
/* End PBXReferenceProxy section */

/* Begin PBXResourcesBuildPhase section */
		B77F1B2C17B978D7009739AE /* Resources */ = {
			isa = PBXResourcesBuildPhase;
			buildActionMask = 2147483647;
			files = (
				41EB07C51982AB2B00EB0FF7 /* FBNoThanksButtonPressed@2x.png in Resources */,
				41EB07FD1982AB2B00EB0FF7 /* send-field-landscape.png in Resources */,
				41EB07F31982AB2B00EB0FF7 /* mgwuPlaceholderIcon.png in Resources */,
				41EB07FC1982AB2B00EB0FF7 /* send-button-instate.png in Resources */,
				41EB07CD1982AB2B00EB0FF7 /* mgwu-gk-notification@2x.png in Resources */,
				4182299819841210009AC063 /* icon_07.png in Resources */,
				41EB07DC1982AB2B00EB0FF7 /* MGWUBackground-Landscape~iphone.png in Resources */,
				41EB07BE1982AB2B00EB0FF7 /* FBLoginButton.png in Resources */,
				41EB07EA1982AB2B00EB0FF7 /* MGWUClose@2x.png in Resources */,
				41EB07EB1982AB2B00EB0FF7 /* MGWUFacebookLoginLandscape.nib in Resources */,
				41EB07BB1982AB2B00EB0FF7 /* FacebookIcon.png in Resources */,
				41EB07B81982AB2B00EB0FF7 /* aqua.png in Resources */,
				41EB07DD1982AB2B00EB0FF7 /* MGWUBackground-Portrait@2x~ipad.png in Resources */,
				41EB080A1982F89900EB0FF7 /* icon_29.png in Resources */,
				41EB07F51982AB2B00EB0FF7 /* mgwuPlaceholderIconDark.png in Resources */,
				41EB07C11982AB2B00EB0FF7 /* FBLoginButtonPressed@2x.png in Resources */,
				41EB07D81982AB2B00EB0FF7 /* MGWUAboutFooter-Portrait~iphone.png in Resources */,
				41EB07DF1982AB2B00EB0FF7 /* MGWUBackground-Portrait~ipad.png in Resources */,
				41EB07BD1982AB2B00EB0FF7 /* fb_connect.png in Resources */,
				41EB07E21982AB2B00EB0FF7 /* MGWUBackgroundDark-Landscape@2x~iphone.png in Resources */,
				41EB07D01982AB2B00EB0FF7 /* MGWUAboutFooter-Landscape-568h@2x~iphone.png in Resources */,
				41EB07EE1982AB2B00EB0FF7 /* MGWUFacebookLoginPortraitDark.nib in Resources */,
				41EB07E11982AB2B00EB0FF7 /* MGWUBackgroundDark-Landscape@2x~ipad.png in Resources */,
				41EB07C71982AB2B00EB0FF7 /* grey-background.png in Resources */,
				41EB07D61982AB2B00EB0FF7 /* MGWUAboutFooter-Portrait@2x~iphone.png in Resources */,
				41EB07CF1982AB2B00EB0FF7 /* mgwu-m@2x.png in Resources */,
				41EB07ED1982AB2B00EB0FF7 /* MGWUFacebookLoginPortrait.nib in Resources */,
				41EB07F81982AB2B00EB0FF7 /* operator.connecting.png in Resources */,
				41EB07E31982AB2B00EB0FF7 /* MGWUBackgroundDark-Landscape~ipad.png in Resources */,
				41EB07FB1982AB2B00EB0FF7 /* send-button-inactive.png in Resources */,
				41EB07EC1982AB2B00EB0FF7 /* MGWUFacebookLoginLandscapeDark.nib in Resources */,
				41EB07C31982AB2B00EB0FF7 /* FBNoThanksButton@2x.png in Resources */,
				41EB07F61982AB2B00EB0FF7 /* mgwuPlaceholderIconDark@2x.png in Resources */,
				41EB07BF1982AB2B00EB0FF7 /* FBLoginButton@2x.png in Resources */,
				B737893B180761570076A88C /* Published-iOS in Resources */,
				41EB080B1982F89900EB0FF7 /* icon_40.png in Resources */,
				41EB07E61982AB2B00EB0FF7 /* MGWUBackgroundDark-Portrait@2x~iphone.png in Resources */,
				41EB07FA1982AB2B00EB0FF7 /* send-button-active.png in Resources */,
				41EB07D31982AB2B00EB0FF7 /* MGWUAboutFooter-Landscape~ipad.png in Resources */,
				41EB07D11982AB2B00EB0FF7 /* MGWUAboutFooter-Landscape@2x~ipad.png in Resources */,
				41EB07E81982AB2B00EB0FF7 /* MGWUBackgroundDark-Portrait~iphone.png in Resources */,
				41EB07CE1982AB2B00EB0FF7 /* mgwu-m.png in Resources */,
				41EB07DA1982AB2B00EB0FF7 /* MGWUBackground-Landscape@2x~iphone.png in Resources */,
				41EB07F11982AB2B00EB0FF7 /* mgwuLogoDark.png in Resources */,
				41EB07DB1982AB2B00EB0FF7 /* MGWUBackground-Landscape~ipad.png in Resources */,
				41EB07D21982AB2B00EB0FF7 /* MGWUAboutFooter-Landscape@2x~iphone.png in Resources */,
				41EB07C21982AB2B00EB0FF7 /* FBNoThanksButton.png in Resources */,
				41EB07C91982AB2B00EB0FF7 /* hipmob.send.png in Resources */,
				41EB07E91982AB2B00EB0FF7 /* MGWUClose.png in Resources */,
				41EB07F91982AB2B00EB0FF7 /* operator.unavailable.png in Resources */,
				41EB07C01982AB2B00EB0FF7 /* FBLoginButtonPressed.png in Resources */,
				41EB07F71982AB2B00EB0FF7 /* operator.available.png in Resources */,
				41EB07B91982AB2B00EB0FF7 /* bluechatbubble.png in Resources */,
				41EB07D51982AB2B00EB0FF7 /* MGWUAboutFooter-Portrait@2x~ipad.png in Resources */,
				41EB07BA1982AB2B00EB0FF7 /* CrossPromoViewController.nib in Resources */,
				41EB07D41982AB2B00EB0FF7 /* MGWUAboutFooter-Landscape~iphone.png in Resources */,
				41EB07C81982AB2B00EB0FF7 /* hipmob.back.btn.png in Resources */,
				41EB07F01982AB2B00EB0FF7 /* mgwuLogo@2x.png in Resources */,
				41EB07F21982AB2B00EB0FF7 /* mgwuLogoDark@2x.png in Resources */,
				41EB080C1982F89900EB0FF7 /* icon_57.png in Resources */,
				41EB07E71982AB2B00EB0FF7 /* MGWUBackgroundDark-Portrait~ipad.png in Resources */,
				41EB08061982F61500EB0FF7 /* Images.xcassets in Resources */,
				41EB07E41982AB2B00EB0FF7 /* MGWUBackgroundDark-Landscape~iphone.png in Resources */,
				41EB07D71982AB2B00EB0FF7 /* MGWUAboutFooter-Portrait~ipad.png in Resources */,
				41EB07E51982AB2B00EB0FF7 /* MGWUBackgroundDark-Portrait@2x~ipad.png in Resources */,
				41EB07CC1982AB2B00EB0FF7 /* mgwu-gk-notification.png in Resources */,
				41EB07DE1982AB2B00EB0FF7 /* MGWUBackground-Portrait@2x~iphone.png in Resources */,
				41EB07F41982AB2B00EB0FF7 /* mgwuPlaceholderIcon@2x.png in Resources */,
				41EB07C41982AB2B00EB0FF7 /* FBNoThanksButtonPressed.png in Resources */,
				41EB07E01982AB2B00EB0FF7 /* MGWUBackground-Portrait~iphone.png in Resources */,
				41EB07C61982AB2B00EB0FF7 /* green.png in Resources */,
				41EB07EF1982AB2B00EB0FF7 /* mgwuLogo.png in Resources */,
				41EB07CB1982AB2B00EB0FF7 /* hipmobsend_field@2x.png in Resources */,
				41EB07D91982AB2B00EB0FF7 /* MGWUBackground-Landscape@2x~ipad.png in Resources */,
				41EB07BC1982AB2B00EB0FF7 /* FacebookSDKResources.bundle in Resources */,
				41EB07CA1982AB2B00EB0FF7 /* hipmobsend_field.png in Resources */,
			);
			runOnlyForDeploymentPostprocessing = 0;
		};
/* End PBXResourcesBuildPhase section */

/* Begin PBXShellScriptBuildPhase section */
		54E7CA461982F24C0062B090 /* ShellScript */ = {
			isa = PBXShellScriptBuildPhase;
			buildActionMask = 2147483647;
			files = (
			);
			inputPaths = (
			);
			outputPaths = (
			);
			runOnlyForDeploymentPostprocessing = 0;
			shellPath = /bin/sh;
			shellScript = "./mgwuSDK.embeddedframework/mgwuSDK.framework/run 2d036bd18fa0c7a9a7148929a1d2ea6d8ad9c630 d5331d88006e49ab03aef325af09f40055cabb0494050ce0147965f0d6bfc9e4";
		};
		D2E0167A18D782EC00927430 /* Run Script */ = {
			isa = PBXShellScriptBuildPhase;
			buildActionMask = 2147483647;
			files = (
			);
			inputPaths = (
			);
			name = "Run Script";
			outputPaths = (
			);
			runOnlyForDeploymentPostprocessing = 0;
			shellPath = /bin/sh;
			shellScript = "osascript -e 'tell application \"System Events\"' -e 'set ProcessList to name of every process' -e 'if \"SpriteBuilder\" is in ProcessList then' -e 'tell application \"SpriteBuilder\" to publish' -e 'end if' -e 'end tell'";
		};
/* End PBXShellScriptBuildPhase section */

/* Begin PBXSourcesBuildPhase section */
		B77F1B2A17B978D7009739AE /* Sources */ = {
			isa = PBXSourcesBuildPhase;
			buildActionMask = 2147483647;
			files = (
				B737893F1807617C0076A88C /* AppDelegate.m in Sources */,
				419EB3621982922A001C9601 /* Gameplay.m in Sources */,
				B7378994180767190076A88C /* MainScene.m in Sources */,
				B73789871807631A0076A88C /* main.m in Sources */,
			);
			runOnlyForDeploymentPostprocessing = 0;
		};
/* End PBXSourcesBuildPhase section */

/* Begin PBXTargetDependency section */
		B7378989180764180076A88C /* PBXTargetDependency */ = {
			isa = PBXTargetDependency;
			name = cocos2d;
			targetProxy = B7378988180764180076A88C /* PBXContainerItemProxy */;
		};
/* End PBXTargetDependency section */

/* Begin XCBuildConfiguration section */
		B77F1CDC17B978D8009739AE /* Debug */ = {
			isa = XCBuildConfiguration;
			buildSettings = {
				CLANG_WARN_BOOL_CONVERSION = YES;
				CLANG_WARN_CONSTANT_CONVERSION = YES;
				CLANG_WARN_EMPTY_BODY = YES;
				CLANG_WARN_ENUM_CONVERSION = YES;
				CLANG_WARN_INT_CONVERSION = YES;
				CLANG_WARN__DUPLICATE_METHOD_MATCH = YES;
				"CODE_SIGN_IDENTITY[sdk=iphoneos*]" = "iPhone Developer";
				GCC_C_LANGUAGE_STANDARD = gnu99;
				GCC_OPTIMIZATION_LEVEL = 0;
				GCC_PREPROCESSOR_DEFINITIONS = (
					DEBUG,
					"COCOS2D_DEBUG=1",
				);
				GCC_SYMBOLS_PRIVATE_EXTERN = NO;
				GCC_VERSION = com.apple.compilers.llvm.clang.1_0;
				GCC_WARN_64_TO_32_BIT_CONVERSION = YES;
				GCC_WARN_ABOUT_RETURN_TYPE = YES;
				GCC_WARN_UNDECLARED_SELECTOR = YES;
				GCC_WARN_UNINITIALIZED_AUTOS = YES;
				GCC_WARN_UNUSED_FUNCTION = YES;
				GCC_WARN_UNUSED_VARIABLE = YES;
				IPHONEOS_DEPLOYMENT_TARGET = 4.0;
				ONLY_ACTIVE_ARCH = YES;
				SDKROOT = iphoneos;
				TARGETED_DEVICE_FAMILY = "1,2";
			};
			name = Debug;
		};
		B77F1CDD17B978D8009739AE /* Release */ = {
			isa = XCBuildConfiguration;
			buildSettings = {
				CLANG_WARN_BOOL_CONVERSION = YES;
				CLANG_WARN_CONSTANT_CONVERSION = YES;
				CLANG_WARN_EMPTY_BODY = YES;
				CLANG_WARN_ENUM_CONVERSION = YES;
				CLANG_WARN_INT_CONVERSION = YES;
				CLANG_WARN__DUPLICATE_METHOD_MATCH = YES;
				"CODE_SIGN_IDENTITY[sdk=iphoneos*]" = "iPhone Developer";
				GCC_C_LANGUAGE_STANDARD = gnu99;
				GCC_PREPROCESSOR_DEFINITIONS = (
					NDEBUG,
					"NS_BLOCK_ASSERTIONS=1",
				);
				GCC_VERSION = com.apple.compilers.llvm.clang.1_0;
				GCC_WARN_64_TO_32_BIT_CONVERSION = YES;
				GCC_WARN_ABOUT_RETURN_TYPE = YES;
				GCC_WARN_UNDECLARED_SELECTOR = YES;
				GCC_WARN_UNINITIALIZED_AUTOS = YES;
				GCC_WARN_UNUSED_FUNCTION = YES;
				GCC_WARN_UNUSED_VARIABLE = YES;
				IPHONEOS_DEPLOYMENT_TARGET = 4.0;
				SDKROOT = iphoneos;
				TARGETED_DEVICE_FAMILY = "1,2";
			};
			name = Release;
		};
		B77F1CDF17B978D8009739AE /* Debug */ = {
			isa = XCBuildConfiguration;
			buildSettings = {
				ALWAYS_SEARCH_USER_PATHS = NO;
				ASSETCATALOG_COMPILER_APPICON_NAME = AppIcon;
				ASSETCATALOG_COMPILER_LAUNCHIMAGE_NAME = LaunchImage;
				CLANG_ENABLE_OBJC_ARC = YES;
				CODE_SIGN_IDENTITY = "iPhone Developer";
				"CODE_SIGN_IDENTITY[sdk=iphoneos*]" = "iPhone Developer";
				COPY_PHASE_STRIP = NO;
				FRAMEWORK_SEARCH_PATHS = (
					"$(inherited)",
					"$(PROJECT_DIR)/mgwuSDK.embeddedframework",
				);
				GCC_DYNAMIC_NO_PIC = NO;
				GCC_PRECOMPILE_PREFIX_HEADER = YES;
				GCC_PREFIX_HEADER = Source/Prefix.pch;
				HEADER_SEARCH_PATHS = (
					"\"Source/libs/cocos2d-iphone/external/kazmath/include\"/**",
					"\"Source/libs/cocos2d-iphone/cocos2d\"/**",
					"Source/libs/cocos2d-iphone/external/Chipmunk/objectivec/include",
					"Source/libs/cocos2d-iphone/external/Chipmunk/include",
					"\"Source/libs/cocos2d-iphone/cocos2d-ui\"/**",
					"\"Source/libs/cocos2d-iphone/external/ObjectAL\"/**",
				);
				INFOPLIST_FILE = Source/Resources/Info.plist;
				IPHONEOS_DEPLOYMENT_TARGET = 5.0;
				ONLY_ACTIVE_ARCH = YES;
				OTHER_LDFLAGS = (
					"-lz",
					"-lsqlite3.0",
					"-ObjC",
				);
				PRODUCT_NAME = StayGreen;
				PROVISIONING_PROFILE = "";
				TARGETED_DEVICE_FAMILY = 1;
				VALID_ARCHS = "armv7 armv7s";
				WRAPPER_EXTENSION = app;
			};
			name = Debug;
		};
		B77F1CE017B978D8009739AE /* Release */ = {
			isa = XCBuildConfiguration;
			buildSettings = {
				ALWAYS_SEARCH_USER_PATHS = NO;
				ASSETCATALOG_COMPILER_APPICON_NAME = AppIcon;
				ASSETCATALOG_COMPILER_LAUNCHIMAGE_NAME = LaunchImage;
				CLANG_ENABLE_OBJC_ARC = YES;
				CODE_SIGN_IDENTITY = "iPhone Developer";
				"CODE_SIGN_IDENTITY[sdk=iphoneos*]" = "iPhone Distribution";
				COPY_PHASE_STRIP = YES;
				FRAMEWORK_SEARCH_PATHS = (
					"$(inherited)",
					"$(PROJECT_DIR)/mgwuSDK.embeddedframework",
				);
				GCC_PRECOMPILE_PREFIX_HEADER = YES;
				GCC_PREFIX_HEADER = Source/Prefix.pch;
				HEADER_SEARCH_PATHS = (
					"\"Source/libs/cocos2d-iphone/external/kazmath/include\"/**",
					"\"Source/libs/cocos2d-iphone/cocos2d\"/**",
					"Source/libs/cocos2d-iphone/external/Chipmunk/objectivec/include",
					"Source/libs/cocos2d-iphone/external/Chipmunk/include",
					"\"Source/libs/cocos2d-iphone/cocos2d-ui\"/**",
					"\"Source/libs/cocos2d-iphone/external/ObjectAL\"/**",
				);
				INFOPLIST_FILE = Source/Resources/Info.plist;
				IPHONEOS_DEPLOYMENT_TARGET = 5.0;
				OTHER_LDFLAGS = (
					"-lz",
					"-lsqlite3.0",
					"-ObjC",
				);
				PRODUCT_NAME = StayGreen;
				PROVISIONING_PROFILE = "";
				TARGETED_DEVICE_FAMILY = 1;
				VALIDATE_PRODUCT = YES;
				VALID_ARCHS = "armv7 armv7s";
				WRAPPER_EXTENSION = app;
			};
			name = Release;
		};
/* End XCBuildConfiguration section */

/* Begin XCConfigurationList section */
		B77F1B2917B978D7009739AE /* Build configuration list for PBXProject "GreenZone" */ = {
			isa = XCConfigurationList;
			buildConfigurations = (
				B77F1CDC17B978D8009739AE /* Debug */,
				B77F1CDD17B978D8009739AE /* Release */,
			);
			defaultConfigurationIsVisible = 0;
			defaultConfigurationName = Release;
		};
		B77F1CDE17B978D8009739AE /* Build configuration list for PBXNativeTarget "GreenZone" */ = {
			isa = XCConfigurationList;
			buildConfigurations = (
				B77F1CDF17B978D8009739AE /* Debug */,
				B77F1CE017B978D8009739AE /* Release */,
			);
			defaultConfigurationIsVisible = 0;
			defaultConfigurationName = Release;
		};
/* End XCConfigurationList section */
	};
	rootObject = B77F1B2617B978D7009739AE /* Project object */;
}
